
Microsoft Visual Studio Solution File, Format Version 12.00
# Visual Studio Version 16
VisualStudioVersion = 16.0.30413.136
MinimumVisualStudioVersion = 10.0.40219.1
Project("{9A19103F-16F7-4668-BE54-9A1E7A4F7556}") = "BMAH-WoM -old-", "BMAH-WoM -old-.csproj", "{54058BDD-F73B-42B2-AD18-DB8C2C8381B1}"
EndProject
Global
	GlobalSection(SolutionConfigurationPlatforms) = preSolution
		Debug|Any CPU = Debug|Any CPU
		Debug|x64 = Debug|x64
		Release|Any CPU = Release|Any CPU
		Release|x64 = Release|x64
	EndGlobalSection
	GlobalSection(ProjectConfigurationPlatforms) = postSolution
		{54058BDD-F73B-42B2-AD18-DB8C2C8381B1}.Debug|Any CPU.ActiveCfg = Debug|Any CPU
		{54058BDD-F73B-42B2-AD18-DB8C2C8381B1}.Debug|Any CPU.Build.0 = Debug|Any CPU
		{54058BDD-F73B-42B2-AD18-DB8C2C8381B1}.Debug|x64.ActiveCfg = Debug|x64
		{54058BDD-F73B-42B2-AD18-DB8C2C8381B1}.Debug|x64.Build.0 = Debug|x64
		{54058BDD-F73B-42B2-AD18-DB8C2C8381B1}.Release|Any CPU.ActiveCfg = Release|Any CPU
		{54058BDD-F73B-42B2-AD18-DB8C2C8381B1}.Release|Any CPU.Build.0 = Release|Any CPU
		{54058BDD-F73B-42B2-AD18-DB8C2C8381B1}.Release|x64.ActiveCfg = Release|x64
		{54058BDD-F73B-42B2-AD18-DB8C2C8381B1}.Release|x64.Build.0 = Release|x64
	EndGlobalSection
	GlobalSection(SolutionProperties) = preSolution
		HideSolutionNode = FALSE
	EndGlobalSection
	GlobalSection(ExtensibilityGlobals) = postSolution
		SolutionGuid = {AA3EEAD1-244D-4F29-886C-8E614D07672F}
	EndGlobalSection
EndGlobal
